
Microsoft Visual Studio Solution File, Format Version 12.00
# Visual Studio 2013
VisualStudioVersion = 12.0.40629.0
MinimumVisualStudioVersion = 10.0.40219.1
Project("{FAE04EC0-301F-11D3-BF4B-00C04F79EFBC}") = "Exemplo_1", "Exemplo_1\Exemplo_1.csproj", "{CC649002-142D-4631-875E-9127FF6E0C90}"
EndProject
Global
	GlobalSection(SolutionConfigurationPlatforms) = preSolution
		Debug|Any CPU = Debug|Any CPU
		Release|Any CPU = Release|Any CPU
	EndGlobalSection
	GlobalSection(ProjectConfigurationPlatforms) = postSolution
		{CC649002-142D-4631-875E-9127FF6E0C90}.Debug|Any CPU.ActiveCfg = Debug|Any CPU
		{CC649002-142D-4631-875E-9127FF6E0C90}.Debug|Any CPU.Build.0 = Debug|Any CPU
		{CC649002-142D-4631-875E-9127FF6E0C90}.Release|Any CPU.ActiveCfg = Release|Any CPU
		{CC649002-142D-4631-875E-9127FF6E0C90}.Release|Any CPU.Build.0 = Release|Any CPU
	EndGlobalSection
	GlobalSection(SolutionProperties) = preSolution
		HideSolutionNode = FALSE
	EndGlobalSection
EndGlobal
